
Microsoft Visual Studio Solution File, Format Version 12.00
Project("{FAE04EC0-301F-11D3-BF4B-00C04F79EFBC}") = "HKMP", "HKMP\HKMP.csproj", "{F34118B2-515D-4C33-88E6-9CFEF2AD5A15}"
EndProject
Project("{FAE04EC0-301F-11D3-BF4B-00C04F79EFBC}") = "HKMPServer", "HKMPServer\HKMPServer.csproj", "{5AB0E450-3F37-4715-916F-CF2EC62D398B}"
EndProject
Global
	GlobalSection(SolutionConfigurationPlatforms) = preSolution
		Debug|Any CPU = Debug|Any CPU
		Release|Any CPU = Release|Any CPU
	EndGlobalSection
	GlobalSection(ProjectConfigurationPlatforms) = postSolution
		{F34118B2-515D-4C33-88E6-9CFEF2AD5A15}.Debug|Any CPU.ActiveCfg = Debug|Any CPU
		{F34118B2-515D-4C33-88E6-9CFEF2AD5A15}.Debug|Any CPU.Build.0 = Debug|Any CPU
		{F34118B2-515D-4C33-88E6-9CFEF2AD5A15}.Release|Any CPU.ActiveCfg = Release|Any CPU
		{F34118B2-515D-4C33-88E6-9CFEF2AD5A15}.Release|Any CPU.Build.0 = Release|Any CPU
		{5AB0E450-3F37-4715-916F-CF2EC62D398B}.Debug|Any CPU.ActiveCfg = Debug|Any CPU
		{5AB0E450-3F37-4715-916F-CF2EC62D398B}.Debug|Any CPU.Build.0 = Debug|Any CPU
		{5AB0E450-3F37-4715-916F-CF2EC62D398B}.Release|Any CPU.ActiveCfg = Release|Any CPU
		{5AB0E450-3F37-4715-916F-CF2EC62D398B}.Release|Any CPU.Build.0 = Release|Any CPU
	EndGlobalSection
EndGlobal
